PackratFormat: 1.4
PackratVersion: 0.4.4.6
RVersion: 3.2.2
Repos: CRAN=https://stat.ethz.ch/CRAN/

Package: BH
Source: CRAN
Version: 1.58.0-1
Hash: 4f6db3b5311bb006f536a2e67278d058

Package: NMF
Source: CRAN
Version: 0.20.6
Hash: 632aad207ab2e551b33990c9f09ab8af
Requires: RColorBrewer, colorspace, digest, doParallel, foreach,
    ggplot2, gridBase, pkgmaker, registry, reshape2, rngtools, stringr

Package: R.matlab
Source: CRAN
Version: 3.2.0
Hash: 320f8048b1721e0aac3be901910913c2
Requires: R.methodsS3, R.oo, R.utils

Package: R.methodsS3
Source: CRAN
Version: 1.7.0
Hash: 18e488de0e3499493db5c7cdb7471e0c

Package: R.oo
Source: CRAN
Version: 1.19.0
Hash: b59acd11664f31a5e4fc4c8df8c9d422
Requires: R.methodsS3

Package: R.utils
Source: CRAN
Version: 2.1.0
Hash: 7d40e3af9cd8e39062bb6f491b400fdd
Requires: R.methodsS3, R.oo

Package: R6
Source: CRAN
Version: 2.1.1
Hash: 20a88b2c9c84aecff2702789a4d102f5

Package: RColorBrewer
Source: CRAN
Version: 1.1-2
Hash: c0d56cd15034f395874c870141870c25

Package: RCurl
Source: CRAN
Version: 1.95-4.7
Hash: 7756ed9df5d79ca87bc9e93f85d89b87
Requires: bitops

Package: Rcpp
Source: CRAN
Version: 0.12.0
Hash: 9cad2f0525579d98b5ec2536febaf0da

Package: bitops
Source: CRAN
Version: 1.0-6
Hash: 67d0775189fd0041d95abca618c5c07e

Package: brew
Source: CRAN
Version: 1.0-6
Hash: 931f9972deae0f205e1c78a51f33149b

Package: colorspace
Source: CRAN
Version: 1.2-6
Hash: 00bb12245cd975c450cc4a960884fa15

Package: curl
Source: CRAN
Version: 0.9.3
Hash: 44fef64a3205c6e327a11a1a721da9b0

Package: devtools
Source: CRAN
Version: 1.8.0
Hash: 908d926757f793f385049f4f140e7313
Requires: RCurl, digest, evaluate, git2r, httr, jsonlite, memoise,
    roxygen2, rstudioapi, rversions, whisker

Package: dichromat
Source: CRAN
Version: 2.0-0
Hash: 08eed0c80510af29bb15f840ccfe37ce

Package: digest
Source: CRAN
Version: 0.6.8
Hash: de202f956596a476d09304e3a2ebf1e5

Package: doParallel
Source: CRAN
Version: 1.0.8
Hash: e4a4e777f61e19769d00b129e2ef889f
Requires: foreach, iterators

Package: evaluate
Source: CRAN
Version: 0.7.2
Hash: b659556abe45f9a377207945b95857e1
Requires: stringr

Package: foreach
Source: CRAN
Version: 1.4.2
Hash: c306afbbf5cc2608170bc7205bf58bea
Requires: iterators

Package: ggplot2
Source: CRAN
Version: 1.0.1
Hash: 4aff1b269135bd2cdea378f4f2f2895e
Requires: digest, gtable, plyr, proto, reshape2, scales

Package: git2r
Source: CRAN
Version: 0.11.0
Hash: 40e87f1c9cff181fe741a80646d081a5

Package: gridBase
Source: CRAN
Version: 0.4-7
Hash: d4b7f73c0fdf11d18d1e1ae1643ac4ec

Package: gtable
Source: CRAN
Version: 0.1.2
Hash: 38a0f066373a60824cd3ade2362af363

Package: httr
Source: CRAN
Version: 1.0.0
Hash: 165c156aaf69073f9a1f8a4211c626d9
Requires: R6, curl, digest, jsonlite, mime, stringr

Package: igraph
Source: CRAN
Version: 1.0.1
Hash: 26ac36402e881905359daabfd9ba4057
Requires: NMF, irlba, magrittr

Package: irlba
Source: CRAN
Version: 1.0.3
Hash: 3cb2d807bc15b944a94acfc1d2c45b22

Package: iterators
Source: CRAN
Version: 1.0.7
Hash: 5b4df529141f993389b8fb24d56fe531

Package: jsonlite
Source: CRAN
Version: 0.9.16
Hash: 24d362a166a96ac1969e64ede522c717

Package: labeling
Source: CRAN
Version: 0.3
Hash: ecf589b42cd284b03a4beb9665482d3e

Package: magrittr
Source: CRAN
Version: 1.5
Hash: bdc4d48c3135e8f3b399536ddf160df4

Package: memoise
Source: CRAN
Version: 0.2.1
Hash: 812e6a1dd77a0ca4da41f3239de8e447
Requires: digest

Package: mime
Source: CRAN
Version: 0.3
Hash: 629133973445ad75e5438a2bb6b05c17

Package: munsell
Source: CRAN
Version: 0.4.2
Hash: 72d343a6664778029f49a7ad36de1cab
Requires: colorspace

Package: packrat
Source: github
Version: 0.4.4-6
Hash: 1b529f25f45656922d063f340152b457
GithubRepo: packrat
GithubUsername: rstudio
GithubRef: master
GithubSha1: dfd1c904a0feb74422233f393cc324daf6517ea0

Package: pkgmaker
Source: CRAN
Version: 0.22
Hash: 2e5fc2a6b7eaeb1e1d397a8dc5f54480
Requires: digest, registry, stringr, xtable

Package: plyr
Source: CRAN
Version: 1.8.3
Hash: 244dc84caf66006e7424b8001b2b9c99
Requires: Rcpp

Package: proto
Source: CRAN
Version: 0.3-10
Hash: 05d7ad64db29a39d1b02c4b9f1f4edb2

Package: pryr
Source: CRAN
Version: 0.1.2
Hash: db5e160150b8afa7ad771873d3819d3a
Requires: Rcpp, stringr

Package: reach
Source: source
Version: 0.2.0
Hash: 629562571b9eb35d922ff8ab1faa49c7
SourcePath: ~/IMSID/Network_toolbox_R_packages/reach_package/reach

Package: registry
Source: CRAN
Version: 0.3
Hash: f9447c26b51b8c96f53720c5ff862c93

Package: reshape2
Source: CRAN
Version: 1.4.1
Hash: 3131569136fc8988dd84ef57c9c28d5c
Requires: Rcpp, plyr, stringr

Package: rngtools
Source: CRAN
Version: 1.2.4
Hash: 4db0661fe95ab6eb3d6339495bf22003
Requires: digest, pkgmaker, stringr

Package: roxygen2
Source: CRAN
Version: 4.1.1
Hash: 5dce64dda925a35cbbf1c1072dc1eed7
Requires: Rcpp, brew, digest, stringr

Package: rstudioapi
Source: CRAN
Version: 0.3.1
Hash: 88eea830c60277b858ce9334041b08bb

Package: rversions
Source: CRAN
Version: 1.0.2
Hash: c006a9eaa80a091dcd87bb4003887b12
Requires: curl, xml2

Package: scales
Source: CRAN
Version: 0.3.0
Hash: 2f3d344ce85f3a7042a0f48047df75b3
Requires: RColorBrewer, Rcpp, dichromat, labeling, munsell, plyr

Package: stringi
Source: CRAN
Version: 0.5-5
Hash: e7c67668a472e26e0c95bc8fa9049198

Package: stringr
Source: CRAN
Version: 1.0.0
Hash: 2676dd5f88890910962b733b0f9540e1
Requires: magrittr, stringi

Package: una
Source: source
Version: 0.1.1
Hash: 2ed983879f35b3f6495b9bcdd404d7be
Requires: reach, R.matlab, igraph, pryr, stringr
SourcePath: ~/IMSID/Network_toolbox_R_packages/una

Package: whisker
Source: CRAN
Version: 0.3-2
Hash: 803d662762e532705c2c066a82d066e7

Package: xml2
Source: CRAN
Version: 0.1.1
Hash: 020898e8e339f4f68a1e94b0ec28b518
Requires: BH, Rcpp

Package: xtable
Source: CRAN
Version: 1.7-4
Hash: 30ed90ebdd90a529aab31fd6792a8d61
